
Microsoft Visual Studio Solution File, Format Version 12.00
# Visual Studio Version 17
VisualStudioVersion = 17.11.35312.102
MinimumVisualStudioVersion = 10.0.40219.1
Project("{F2A71F9B-5D33-465A-A702-920D77279786}") = "UserManagement", "UserManagement.fsproj", "{8801C722-8748-48D3-B185-BB5F05C872AF}"
EndProject
Global
	GlobalSection(SolutionConfigurationPlatforms) = preSolution
		Debug|Any CPU = Debug|Any CPU
		Release|Any CPU = Release|Any CPU
	EndGlobalSection
	GlobalSection(ProjectConfigurationPlatforms) = postSolution
		{8801C722-8748-48D3-B185-BB5F05C872AF}.Debug|Any CPU.ActiveCfg = Debug|Any CPU
		{8801C722-8748-48D3-B185-BB5F05C872AF}.Debug|Any CPU.Build.0 = Debug|Any CPU
		{8801C722-8748-48D3-B185-BB5F05C872AF}.Release|Any CPU.ActiveCfg = Release|Any CPU
		{8801C722-8748-48D3-B185-BB5F05C872AF}.Release|Any CPU.Build.0 = Release|Any CPU
	EndGlobalSection
	GlobalSection(SolutionProperties) = preSolution
		HideSolutionNode = FALSE
	EndGlobalSection
	GlobalSection(ExtensibilityGlobals) = postSolution
		SolutionGuid = {88170DBE-3340-45E4-8E7C-F03AB3C38841}
	EndGlobalSection
EndGlobal
